
Microsoft Visual Studio Solution File, Format Version 12.00
# Visual Studio 15
VisualStudioVersion = 15.0.28307.168
MinimumVisualStudioVersion = 10.0.40219.1
Project("{9A19103F-16F7-4668-BE54-9A1E7A4F7556}") = "OnlineShop.ShoppingCart", "OnlineShop.ShoppingCart\OnlineShop.ShoppingCart.csproj", "{48AEA140-6E13-4A6C-935E-7EEE6BABF54D}"
EndProject
Project("{9A19103F-16F7-4668-BE54-9A1E7A4F7556}") = "OnlineShop.Inventory", "OnlineShop.Inventory\OnlineShop.Inventory.csproj", "{E6F4C2AA-AFD4-4721-A9D6-559B287749C2}"
EndProject
Project("{9A19103F-16F7-4668-BE54-9A1E7A4F7556}") = "OnlineShop.UI", "OnlineShop.UI\OnlineShop.UI.csproj", "{BF76B4D3-F627-43B7-96D1-C60F30960642}"
EndProject
Global
	GlobalSection(SolutionConfigurationPlatforms) = preSolution
		Debug|Any CPU = Debug|Any CPU
		Release|Any CPU = Release|Any CPU
	EndGlobalSection
	GlobalSection(ProjectConfigurationPlatforms) = postSolution
		{48AEA140-6E13-4A6C-935E-7EEE6BABF54D}.Debug|Any CPU.ActiveCfg = Debug|Any CPU
		{48AEA140-6E13-4A6C-935E-7EEE6BABF54D}.Debug|Any CPU.Build.0 = Debug|Any CPU
		{48AEA140-6E13-4A6C-935E-7EEE6BABF54D}.Release|Any CPU.ActiveCfg = Release|Any CPU
		{48AEA140-6E13-4A6C-935E-7EEE6BABF54D}.Release|Any CPU.Build.0 = Release|Any CPU
		{E6F4C2AA-AFD4-4721-A9D6-559B287749C2}.Debug|Any CPU.ActiveCfg = Debug|Any CPU
		{E6F4C2AA-AFD4-4721-A9D6-559B287749C2}.Debug|Any CPU.Build.0 = Debug|Any CPU
		{E6F4C2AA-AFD4-4721-A9D6-559B287749C2}.Release|Any CPU.ActiveCfg = Release|Any CPU
		{E6F4C2AA-AFD4-4721-A9D6-559B287749C2}.Release|Any CPU.Build.0 = Release|Any CPU
		{BF76B4D3-F627-43B7-96D1-C60F30960642}.Debug|Any CPU.ActiveCfg = Debug|Any CPU
		{BF76B4D3-F627-43B7-96D1-C60F30960642}.Debug|Any CPU.Build.0 = Debug|Any CPU
		{BF76B4D3-F627-43B7-96D1-C60F30960642}.Release|Any CPU.ActiveCfg = Release|Any CPU
		{BF76B4D3-F627-43B7-96D1-C60F30960642}.Release|Any CPU.Build.0 = Release|Any CPU
	EndGlobalSection
	GlobalSection(SolutionProperties) = preSolution
		HideSolutionNode = FALSE
	EndGlobalSection
	GlobalSection(ExtensibilityGlobals) = postSolution
		SolutionGuid = {F0F4F044-77EC-4B5F-910D-F531B1956D81}
	EndGlobalSection
EndGlobal
